
Microsoft Visual Studio Solution File, Format Version 12.00
# Visual Studio Version 16
VisualStudioVersion = 16.0.30804.86
MinimumVisualStudioVersion = 10.0.40219.1
Project("{888888A0-9F3D-457C-B088-3A5042F75D52}") = "h11", "hw11\h11.pyproj", "{3905980A-0F34-45DB-BEF1-06CBD34EE82A}"
EndProject
Global
	GlobalSection(SolutionConfigurationPlatforms) = preSolution
		Debug|Any CPU = Debug|Any CPU
		Release|Any CPU = Release|Any CPU
	EndGlobalSection
	GlobalSection(ProjectConfigurationPlatforms) = postSolution
		{3905980A-0F34-45DB-BEF1-06CBD34EE82A}.Debug|Any CPU.ActiveCfg = Debug|Any CPU
		{3905980A-0F34-45DB-BEF1-06CBD34EE82A}.Release|Any CPU.ActiveCfg = Release|Any CPU
	EndGlobalSection
	GlobalSection(SolutionProperties) = preSolution
		HideSolutionNode = FALSE
	EndGlobalSection
	GlobalSection(ExtensibilityGlobals) = postSolution
		SolutionGuid = {C319EC87-359A-47CD-A142-681BC650848C}
	EndGlobalSection
EndGlobal
